PODS:
  - Flutter (1.0.0)
  - pos_printer (0.0.1):
    - Flutter

DEPENDENCIES:
  - Flutter (from `Flutter`)
  - pos_printer (from `.symlinks/plugins/pos_printer/ios`)

EXTERNAL SOURCES:
  Flutter:
    :path: Flutter
  pos_printer:
    :path: ".symlinks/plugins/pos_printer/ios"

SPEC CHECKSUMS:
  Flutter: 434fef37c0980e73bb6479ef766c45957d4b510c
  pos_printer: db572c8b35d27d2c4746bc420df65edd288691f7

PODFILE CHECKSUM: aafe91acc616949ddb318b77800a7f51bffa2a4c

COCOAPODS: 1.10.1
