PODS:
  - Flutter (1.0.0)
  - pos_printer (0.0.1):
    - Flutter

DEPENDENCIES:
  - Flutter (from `Flutter`)
  - pos_printer (from `.symlinks/plugins/pos_printer/ios`)

EXTERNAL SOURCES:
  Flutter:
    :path: Flutter
  pos_printer:
    :path: ".symlinks/plugins/pos_printer/ios"

SPEC CHECKSUMS:
  Flutter: 50d75fe2f02b26cc09d224853bb45737f8b3214a
  pos_printer: b628292800b6788a8f3442c0a687799b90f7e87d

PODFILE CHECKSUM: aafe91acc616949ddb318b77800a7f51bffa2a4c

COCOAPODS: 1.10.1
